// !$*UTF8*$!
{
	archiveVersion = 1;
	classes = {
	};
	objectVersion = 56;
	objects = {

/* Begin PBXBuildFile section */
		353B2EB42B3419A20062FF29 /* ImagePicker.swift in Sources */ = {isa = PBXBuildFile; fileRef = 353B2EB32B3419A20062FF29 /* ImagePicker.swift */; };
		356266772B315DA700E2030A /* iOS_SwiftUI_ExerciseApp.swift in Sources */ = {isa = PBXBuildFile; fileRef = 356266762B315DA700E2030A /* iOS_SwiftUI_ExerciseApp.swift */; };
		356266792B315DA700E2030A /* ContentView.swift in Sources */ = {isa = PBXBuildFile; fileRef = 356266782B315DA700E2030A /* ContentView.swift */; };
		3562667B2B315DA800E2030A /* Assets.xcassets in Resources */ = {isa = PBXBuildFile; fileRef = 3562667A2B315DA800E2030A /* Assets.xcassets */; };
		3562667E2B315DA800E2030A /* Preview Assets.xcassets in Resources */ = {isa = PBXBuildFile; fileRef = 3562667D2B315DA800E2030A /* Preview Assets.xcassets */; };
		356266802B315DA800E2030A /* Persistence.swift in Sources */ = {isa = PBXBuildFile; fileRef = 3562667F2B315DA800E2030A /* Persistence.swift */; };
		356266832B315DA800E2030A /* iOS_SwiftUI_Exercise.xcdatamodeld in Sources */ = {isa = PBXBuildFile; fileRef = 356266812B315DA800E2030A /* iOS_SwiftUI_Exercise.xcdatamodeld */; };
		3562668A2B315EF700E2030A /* ItemDetailsView.swift in Sources */ = {isa = PBXBuildFile; fileRef = 356266892B315EF700E2030A /* ItemDetailsView.swift */; };
		3562668D2B315F7200E2030A /* NavigationTitleView.swift in Sources */ = {isa = PBXBuildFile; fileRef = 3562668C2B315F7200E2030A /* NavigationTitleView.swift */; };
		3562668F2B31612D00E2030A /* Colors.xcassets in Resources */ = {isa = PBXBuildFile; fileRef = 3562668E2B31612D00E2030A /* Colors.xcassets */; };
		356266912B3164FB00E2030A /* MainButtonView.swift in Sources */ = {isa = PBXBuildFile; fileRef = 356266902B3164FB00E2030A /* MainButtonView.swift */; };
		356266932B316B1400E2030A /* DropDownView.swift in Sources */ = {isa = PBXBuildFile; fileRef = 356266922B316B1400E2030A /* DropDownView.swift */; };
		356266962B31724B00E2030A /* BrandModel.swift in Sources */ = {isa = PBXBuildFile; fileRef = 356266952B31724B00E2030A /* BrandModel.swift */; };
		356266982B31727900E2030A /* ModelModel.swift in Sources */ = {isa = PBXBuildFile; fileRef = 356266972B31727900E2030A /* ModelModel.swift */; };
		3562669B2B31730D00E2030A /* APIManager.swift in Sources */ = {isa = PBXBuildFile; fileRef = 3562669A2B31730D00E2030A /* APIManager.swift */; };
		3562669D2B317C1300E2030A /* CustomTextField.swift in Sources */ = {isa = PBXBuildFile; fileRef = 3562669C2B317C1300E2030A /* CustomTextField.swift */; };
		3562669F2B31843F00E2030A /* DisplayTextView.swift in Sources */ = {isa = PBXBuildFile; fileRef = 3562669E2B31843F00E2030A /* DisplayTextView.swift */; };
/* End PBXBuildFile section */

/* Begin PBXFileReference section */
		353B2EB32B3419A20062FF29 /* ImagePicker.swift */ = {isa = PBXFileReference; fileEncoding = 4; lastKnownFileType = sourcecode.swift; path = ImagePicker.swift; sourceTree = "<group>"; };
		356266732B315DA700E2030A /* iOS SwiftUI Exercise.app */ = {isa = PBXFileReference; explicitFileType = wrapper.application; includeInIndex = 0; path = "iOS SwiftUI Exercise.app"; sourceTree = BUILT_PRODUCTS_DIR; };
		356266762B315DA700E2030A /* iOS_SwiftUI_ExerciseApp.swift */ = {isa = PBXFileReference; lastKnownFileType = sourcecode.swift; path = iOS_SwiftUI_ExerciseApp.swift; sourceTree = "<group>"; };
		356266782B315DA700E2030A /* ContentView.swift */ = {isa = PBXFileReference; lastKnownFileType = sourcecode.swift; path = ContentView.swift; sourceTree = "<group>"; };
		3562667A2B315DA800E2030A /* Assets.xcassets */ = {isa = PBXFileReference; lastKnownFileType = folder.assetcatalog; path = Assets.xcassets; sourceTree = "<group>"; };
		3562667D2B315DA800E2030A /* Preview Assets.xcassets */ = {isa = PBXFileReference; lastKnownFileType = folder.assetcatalog; path = "Preview Assets.xcassets"; sourceTree = "<group>"; };
		3562667F2B315DA800E2030A /* Persistence.swift */ = {isa = PBXFileReference; lastKnownFileType = sourcecode.swift; path = Persistence.swift; sourceTree = "<group>"; };
		356266822B315DA800E2030A /* iOS_SwiftUI_Exercise.xcdatamodel */ = {isa = PBXFileReference; lastKnownFileType = wrapper.xcdatamodel; path = iOS_SwiftUI_Exercise.xcdatamodel; sourceTree = "<group>"; };
		356266892B315EF700E2030A /* ItemDetailsView.swift */ = {isa = PBXFileReference; lastKnownFileType = sourcecode.swift; path = ItemDetailsView.swift; sourceTree = "<group>"; };
		3562668C2B315F7200E2030A /* NavigationTitleView.swift */ = {isa = PBXFileReference; lastKnownFileType = sourcecode.swift; path = NavigationTitleView.swift; sourceTree = "<group>"; };
		3562668E2B31612D00E2030A /* Colors.xcassets */ = {isa = PBXFileReference; lastKnownFileType = folder.assetcatalog; path = Colors.xcassets; sourceTree = "<group>"; };
		356266902B3164FB00E2030A /* MainButtonView.swift */ = {isa = PBXFileReference; lastKnownFileType = sourcecode.swift; path = MainButtonView.swift; sourceTree = "<group>"; };
		356266922B316B1400E2030A /* DropDownView.swift */ = {isa = PBXFileReference; lastKnownFileType = sourcecode.swift; path = DropDownView.swift; sourceTree = "<group>"; };
		356266952B31724B00E2030A /* BrandModel.swift */ = {isa = PBXFileReference; lastKnownFileType = sourcecode.swift; path = BrandModel.swift; sourceTree = "<group>"; };
		356266972B31727900E2030A /* ModelModel.swift */ = {isa = PBXFileReference; lastKnownFileType = sourcecode.swift; path = ModelModel.swift; sourceTree = "<group>"; };
		3562669A2B31730D00E2030A /* APIManager.swift */ = {isa = PBXFileReference; lastKnownFileType = sourcecode.swift; path = APIManager.swift; sourceTree = "<group>"; };
		3562669C2B317C1300E2030A /* CustomTextField.swift */ = {isa = PBXFileReference; lastKnownFileType = sourcecode.swift; path = CustomTextField.swift; sourceTree = "<group>"; };
		3562669E2B31843F00E2030A /* DisplayTextView.swift */ = {isa = PBXFileReference; lastKnownFileType = sourcecode.swift; path = DisplayTextView.swift; sourceTree = "<group>"; };
/* End PBXFileReference section */

/* Begin PBXFrameworksBuildPhase section */
		356266702B315DA700E2030A /* Frameworks */ = {
			isa = PBXFrameworksBuildPhase;
			buildActionMask = 2147483647;
			files = (
			);
			runOnlyForDeploymentPostprocessing = 0;
		};
/* End PBXFrameworksBuildPhase section */

/* Begin PBXGroup section */
		3562666A2B315DA700E2030A = {
			isa = PBXGroup;
			children = (
				356266752B315DA700E2030A /* iOS SwiftUI Exercise */,
				356266742B315DA700E2030A /* Products */,
			);
			sourceTree = "<group>";
		};
		356266742B315DA700E2030A /* Products */ = {
			isa = PBXGroup;
			children = (
				356266732B315DA700E2030A /* iOS SwiftUI Exercise.app */,
			);
			name = Products;
			sourceTree = "<group>";
		};
		356266752B315DA700E2030A /* iOS SwiftUI Exercise */ = {
			isa = PBXGroup;
			children = (
				356266762B315DA700E2030A /* iOS_SwiftUI_ExerciseApp.swift */,
				356266782B315DA700E2030A /* ContentView.swift */,
				356266892B315EF700E2030A /* ItemDetailsView.swift */,
				356266992B3172FC00E2030A /* Services */,
				356266942B31723F00E2030A /* Models */,
				3562668B2B315F6300E2030A /* Components */,
				3562667A2B315DA800E2030A /* Assets.xcassets */,
				3562668E2B31612D00E2030A /* Colors.xcassets */,
				3562667F2B315DA800E2030A /* Persistence.swift */,
				356266812B315DA800E2030A /* iOS_SwiftUI_Exercise.xcdatamodeld */,
				3562667C2B315DA800E2030A /* Preview Content */,
			);
			path = "iOS SwiftUI Exercise";
			sourceTree = "<group>";
		};
		3562667C2B315DA800E2030A /* Preview Content */ = {
			isa = PBXGroup;
			children = (
				3562667D2B315DA800E2030A /* Preview Assets.xcassets */,
			);
			path = "Preview Content";
			sourceTree = "<group>";
		};
		3562668B2B315F6300E2030A /* Components */ = {
			isa = PBXGroup;
			children = (
				353B2EB32B3419A20062FF29 /* ImagePicker.swift */,
				3562668C2B315F7200E2030A /* NavigationTitleView.swift */,
				356266902B3164FB00E2030A /* MainButtonView.swift */,
				356266922B316B1400E2030A /* DropDownView.swift */,
				3562669C2B317C1300E2030A /* CustomTextField.swift */,
				3562669E2B31843F00E2030A /* DisplayTextView.swift */,
			);
			path = Components;
			sourceTree = "<group>";
		};
		356266942B31723F00E2030A /* Models */ = {
			isa = PBXGroup;
			children = (
				356266952B31724B00E2030A /* BrandModel.swift */,
				356266972B31727900E2030A /* ModelModel.swift */,
			);
			path = Models;
			sourceTree = "<group>";
		};
		356266992B3172FC00E2030A /* Services */ = {
			isa = PBXGroup;
			children = (
				3562669A2B31730D00E2030A /* APIManager.swift */,
			);
			path = Services;
			sourceTree = "<group>";
		};
/* End PBXGroup section */

/* Begin PBXNativeTarget section */
		356266722B315DA700E2030A /* iOS SwiftUI Exercise */ = {
			isa = PBXNativeTarget;
			buildConfigurationList = 356266862B315DA800E2030A /* Build configuration list for PBXNativeTarget "iOS SwiftUI Exercise" */;
			buildPhases = (
				3562666F2B315DA700E2030A /* Sources */,
				356266702B315DA700E2030A /* Frameworks */,
				356266712B315DA700E2030A /* Resources */,
			);
			buildRules = (
			);
			dependencies = (
			);
			name = "iOS SwiftUI Exercise";
			productName = "iOS SwiftUI Exercise";
			productReference = 356266732B315DA700E2030A /* iOS SwiftUI Exercise.app */;
			productType = "com.apple.product-type.application";
		};
/* End PBXNativeTarget section */

/* Begin PBXProject section */
		3562666B2B315DA700E2030A /* Project object */ = {
			isa = PBXProject;
			attributes = {
				BuildIndependentTargetsInParallel = 1;
				LastSwiftUpdateCheck = 1500;
				LastUpgradeCheck = 1500;
				TargetAttributes = {
					356266722B315DA700E2030A = {
						CreatedOnToolsVersion = 15.0.1;
					};
				};
			};
			buildConfigurationList = 3562666E2B315DA700E2030A /* Build configuration list for PBXProject "iOS SwiftUI Exercise" */;
			compatibilityVersion = "Xcode 14.0";
			developmentRegion = en;
			hasScannedForEncodings = 0;
			knownRegions = (
				en,
				Base,
			);
			mainGroup = 3562666A2B315DA700E2030A;
			productRefGroup = 356266742B315DA700E2030A /* Products */;
			projectDirPath = "";
			projectRoot = "";
			targets = (
				356266722B315DA700E2030A /* iOS SwiftUI Exercise */,
			);
		};
/* End PBXProject section */

/* Begin PBXResourcesBuildPhase section */
		356266712B315DA700E2030A /* Resources */ = {
			isa = PBXResourcesBuildPhase;
			buildActionMask = 2147483647;
			files = (
				3562668F2B31612D00E2030A /* Colors.xcassets in Resources */,
				3562667E2B315DA800E2030A /* Preview Assets.xcassets in Resources */,
				3562667B2B315DA800E2030A /* Assets.xcassets in Resources */,
			);
			runOnlyForDeploymentPostprocessing = 0;
		};
/* End PBXResourcesBuildPhase section */

/* Begin PBXSourcesBuildPhase section */
		3562666F2B315DA700E2030A /* Sources */ = {
			isa = PBXSourcesBuildPhase;
			buildActionMask = 2147483647;
			files = (
				356266802B315DA800E2030A /* Persistence.swift in Sources */,
				356266792B315DA700E2030A /* ContentView.swift in Sources */,
				356266772B315DA700E2030A /* iOS_SwiftUI_ExerciseApp.swift in Sources */,
				353B2EB42B3419A20062FF29 /* ImagePicker.swift in Sources */,
				356266912B3164FB00E2030A /* MainButtonView.swift in Sources */,
				3562669B2B31730D00E2030A /* APIManager.swift in Sources */,
				3562668D2B315F7200E2030A /* NavigationTitleView.swift in Sources */,
				356266932B316B1400E2030A /* DropDownView.swift in Sources */,
				356266962B31724B00E2030A /* BrandModel.swift in Sources */,
				3562669D2B317C1300E2030A /* CustomTextField.swift in Sources */,
				3562668A2B315EF700E2030A /* ItemDetailsView.swift in Sources */,
				3562669F2B31843F00E2030A /* DisplayTextView.swift in Sources */,
				356266832B315DA800E2030A /* iOS_SwiftUI_Exercise.xcdatamodeld in Sources */,
				356266982B31727900E2030A /* ModelModel.swift in Sources */,
			);
			runOnlyForDeploymentPostprocessing = 0;
		};
/* End PBXSourcesBuildPhase section */

/* Begin XCBuildConfiguration section */
		356266842B315DA800E2030A /* Debug */ = {
			isa = XCBuildConfiguration;
			buildSettings = {
				ALWAYS_SEARCH_USER_PATHS = NO;
				ASSETCATALOG_COMPILER_GENERATE_SWIFT_ASSET_SYMBOL_EXTENSIONS = YES;
				CLANG_ANALYZER_NONNULL = YES;
				CLANG_ANALYZER_NUMBER_OBJECT_CONVERSION = YES_AGGRESSIVE;
				CLANG_CXX_LANGUAGE_STANDARD = "gnu++20";
				CLANG_ENABLE_MODULES = YES;
				CLANG_ENABLE_OBJC_ARC = YES;
				CLANG_ENABLE_OBJC_WEAK = YES;
				CLANG_WARN_BLOCK_CAPTURE_AUTORELEASING = YES;
				CLANG_WARN_BOOL_CONVERSION = YES;
				CLANG_WARN_COMMA = YES;
				CLANG_WARN_CONSTANT_CONVERSION = YES;
				CLANG_WARN_DEPRECATED_OBJC_IMPLEMENTATIONS = YES;
				CLANG_WARN_DIRECT_OBJC_ISA_USAGE = YES_ERROR;
				CLANG_WARN_DOCUMENTATION_COMMENTS = YES;
				CLANG_WARN_EMPTY_BODY = YES;
				CLANG_WARN_ENUM_CONVERSION = YES;
				CLANG_WARN_INFINITE_RECURSION = YES;
				CLANG_WARN_INT_CONVERSION = YES;
				CLANG_WARN_NON_LITERAL_NULL_CONVERSION = YES;
				CLANG_WARN_OBJC_IMPLICIT_RETAIN_SELF = YES;
				CLANG_WARN_OBJC_LITERAL_CONVERSION = YES;
				CLANG_WARN_OBJC_ROOT_CLASS = YES_ERROR;
				CLANG_WARN_QUOTED_INCLUDE_IN_FRAMEWORK_HEADER = YES;
				CLANG_WARN_RANGE_LOOP_ANALYSIS = YES;
				CLANG_WARN_STRICT_PROTOTYPES = YES;
				CLANG_WARN_SUSPICIOUS_MOVE = YES;
				CLANG_WARN_UNGUARDED_AVAILABILITY = YES_AGGRESSIVE;
				CLANG_WARN_UNREACHABLE_CODE = YES;
				CLANG_WARN__DUPLICATE_METHOD_MATCH = YES;
				COPY_PHASE_STRIP = NO;
				DEBUG_INFORMATION_FORMAT = dwarf;
				ENABLE_STRICT_OBJC_MSGSEND = YES;
				ENABLE_TESTABILITY = YES;
				ENABLE_USER_SCRIPT_SANDBOXING = YES;
				GCC_C_LANGUAGE_STANDARD = gnu17;
				GCC_DYNAMIC_NO_PIC = NO;
				GCC_NO_COMMON_BLOCKS = YES;
				GCC_OPTIMIZATION_LEVEL = 0;
				GCC_PREPROCESSOR_DEFINITIONS = (
					"DEBUG=1",
					"$(inherited)",
				);
				GCC_WARN_64_TO_32_BIT_CONVERSION = YES;
				GCC_WARN_ABOUT_RETURN_TYPE = YES_ERROR;
				GCC_WARN_UNDECLARED_SELECTOR = YES;
				GCC_WARN_UNINITIALIZED_AUTOS = YES_AGGRESSIVE;
				GCC_WARN_UNUSED_FUNCTION = YES;
				GCC_WARN_UNUSED_VARIABLE = YES;
				IPHONEOS_DEPLOYMENT_TARGET = 16.0;
				LOCALIZATION_PREFERS_STRING_CATALOGS = YES;
				MTL_ENABLE_DEBUG_INFO = INCLUDE_SOURCE;
				MTL_FAST_MATH = YES;
				ONLY_ACTIVE_ARCH = YES;
				SDKROOT = iphoneos;
				SWIFT_ACTIVE_COMPILATION_CONDITIONS = "DEBUG $(inherited)";
				SWIFT_OPTIMIZATION_LEVEL = "-Onone";
			};
			name = Debug;
		};
		356266852B315DA800E2030A /* Release */ = {
			isa = XCBuildConfiguration;
			buildSettings = {
				ALWAYS_SEARCH_USER_PATHS = NO;
				ASSETCATALOG_COMPILER_GENERATE_SWIFT_ASSET_SYMBOL_EXTENSIONS = YES;
				CLANG_ANALYZER_NONNULL = YES;
				CLANG_ANALYZER_NUMBER_OBJECT_CONVERSION = YES_AGGRESSIVE;
				CLANG_CXX_LANGUAGE_STANDARD = "gnu++20";
				CLANG_ENABLE_MODULES = YES;
				CLANG_ENABLE_OBJC_ARC = YES;
				CLANG_ENABLE_OBJC_WEAK = YES;
				CLANG_WARN_BLOCK_CAPTURE_AUTORELEASING = YES;
				CLANG_WARN_BOOL_CONVERSION = YES;
				CLANG_WARN_COMMA = YES;
				CLANG_WARN_CONSTANT_CONVERSION = YES;
				CLANG_WARN_DEPRECATED_OBJC_IMPLEMENTATIONS = YES;
				CLANG_WARN_DIRECT_OBJC_ISA_USAGE = YES_ERROR;
				CLANG_WARN_DOCUMENTATION_COMMENTS = YES;
				CLANG_WARN_EMPTY_BODY = YES;
				CLANG_WARN_ENUM_CONVERSION = YES;
				CLANG_WARN_INFINITE_RECURSION = YES;
				CLANG_WARN_INT_CONVERSION = YES;
				CLANG_WARN_NON_LITERAL_NULL_CONVERSION = YES;
				CLANG_WARN_OBJC_IMPLICIT_RETAIN_SELF = YES;
				CLANG_WARN_OBJC_LITERAL_CONVERSION = YES;
				CLANG_WARN_OBJC_ROOT_CLASS = YES_ERROR;
				CLANG_WARN_QUOTED_INCLUDE_IN_FRAMEWORK_HEADER = YES;
				CLANG_WARN_RANGE_LOOP_ANALYSIS = YES;
				CLANG_WARN_STRICT_PROTOTYPES = YES;
				CLANG_WARN_SUSPICIOUS_MOVE = YES;
				CLANG_WARN_UNGUARDED_AVAILABILITY = YES_AGGRESSIVE;
				CLANG_WARN_UNREACHABLE_CODE = YES;
				CLANG_WARN__DUPLICATE_METHOD_MATCH = YES;
				COPY_PHASE_STRIP = NO;
				DEBUG_INFORMATION_FORMAT = "dwarf-with-dsym";
				ENABLE_NS_ASSERTIONS = NO;
				ENABLE_STRICT_OBJC_MSGSEND = YES;
				ENABLE_USER_SCRIPT_SANDBOXING = YES;
				GCC_C_LANGUAGE_STANDARD = gnu17;
				GCC_NO_COMMON_BLOCKS = YES;
				GCC_WARN_64_TO_32_BIT_CONVERSION = YES;
				GCC_WARN_ABOUT_RETURN_TYPE = YES_ERROR;
				GCC_WARN_UNDECLARED_SELECTOR = YES;
				GCC_WARN_UNINITIALIZED_AUTOS = YES_AGGRESSIVE;
				GCC_WARN_UNUSED_FUNCTION = YES;
				GCC_WARN_UNUSED_VARIABLE = YES;
				IPHONEOS_DEPLOYMENT_TARGET = 16.0;
				LOCALIZATION_PREFERS_STRING_CATALOGS = YES;
				MTL_ENABLE_DEBUG_INFO = NO;
				MTL_FAST_MATH = YES;
				SDKROOT = iphoneos;
				SWIFT_COMPILATION_MODE = wholemodule;
				VALIDATE_PRODUCT = YES;
			};
			name = Release;
		};
		356266872B315DA800E2030A /* Debug */ = {
			isa = XCBuildConfiguration;
			buildSettings = {
				ASSETCATALOG_COMPILER_APPICON_NAME = AppIcon;
				ASSETCATALOG_COMPILER_GLOBAL_ACCENT_COLOR_NAME = AccentColor;
				CODE_SIGN_STYLE = Automatic;
				CURRENT_PROJECT_VERSION = 1;
				DEVELOPMENT_ASSET_PATHS = "\"iOS SwiftUI Exercise/Preview Content\"";
				DEVELOPMENT_TEAM = 8ZK9AU8DHU;
				ENABLE_PREVIEWS = YES;
				GENERATE_INFOPLIST_FILE = YES;
				INFOPLIST_KEY_NSCameraUsageDescription = NSCameraUsageDescription;
				INFOPLIST_KEY_UIApplicationSceneManifest_Generation = YES;
				INFOPLIST_KEY_UIApplicationSupportsIndirectInputEvents = YES;
				INFOPLIST_KEY_UILaunchScreen_Generation = YES;
				INFOPLIST_KEY_UISupportedInterfaceOrientations_iPad = "UIInterfaceOrientationPortrait UIInterfaceOrientationPortraitUpsideDown UIInterfaceOrientationLandscapeLeft UIInterfaceOrientationLandscapeRight";
				INFOPLIST_KEY_UISupportedInterfaceOrientations_iPhone = "UIInterfaceOrientationPortrait UIInterfaceOrientationLandscapeLeft UIInterfaceOrientationLandscapeRight";
				IPHONEOS_DEPLOYMENT_TARGET = 16.0;
				LD_RUNPATH_SEARCH_PATHS = (
					"$(inherited)",
					"@executable_path/Frameworks",
				);
				MARKETING_VERSION = 1.0;
				PRODUCT_BUNDLE_IDENTIFIER = "com.me.iOS-SwiftUI-Exercise";
				PRODUCT_NAME = "$(TARGET_NAME)";
				SWIFT_EMIT_LOC_STRINGS = YES;
				SWIFT_VERSION = 5.0;
				TARGETED_DEVICE_FAMILY = "1,2";
			};
			name = Debug;
		};
		356266882B315DA800E2030A /* Release */ = {
			isa = XCBuildConfiguration;
			buildSettings = {
				ASSETCATALOG_COMPILER_APPICON_NAME = AppIcon;
				ASSETCATALOG_COMPILER_GLOBAL_ACCENT_COLOR_NAME = AccentColor;
				CODE_SIGN_STYLE = Automatic;
				CURRENT_PROJECT_VERSION = 1;
				DEVELOPMENT_ASSET_PATHS = "\"iOS SwiftUI Exercise/Preview Content\"";
				DEVELOPMENT_TEAM = 8ZK9AU8DHU;
				ENABLE_PREVIEWS = YES;
				GENERATE_INFOPLIST_FILE = YES;
				INFOPLIST_KEY_NSCameraUsageDescription = NSCameraUsageDescription;
				INFOPLIST_KEY_UIApplicationSceneManifest_Generation = YES;
				INFOPLIST_KEY_UIApplicationSupportsIndirectInputEvents = YES;
				INFOPLIST_KEY_UILaunchScreen_Generation = YES;
				INFOPLIST_KEY_UISupportedInterfaceOrientations_iPad = "UIInterfaceOrientationPortrait UIInterfaceOrientationPortraitUpsideDown UIInterfaceOrientationLandscapeLeft UIInterfaceOrientationLandscapeRight";
				INFOPLIST_KEY_UISupportedInterfaceOrientations_iPhone = "UIInterfaceOrientationPortrait UIInterfaceOrientationLandscapeLeft UIInterfaceOrientationLandscapeRight";
				IPHONEOS_DEPLOYMENT_TARGET = 16.0;
				LD_RUNPATH_SEARCH_PATHS = (
					"$(inherited)",
					"@executable_path/Frameworks",
				);
				MARKETING_VERSION = 1.0;
				PRODUCT_BUNDLE_IDENTIFIER = "com.me.iOS-SwiftUI-Exercise";
				PRODUCT_NAME = "$(TARGET_NAME)";
				SWIFT_EMIT_LOC_STRINGS = YES;
				SWIFT_VERSION = 5.0;
				TARGETED_DEVICE_FAMILY = "1,2";
			};
			name = Release;
		};
/* End XCBuildConfiguration section */

/* Begin XCConfigurationList section */
		3562666E2B315DA700E2030A /* Build configuration list for PBXProject "iOS SwiftUI Exercise" */ = {
			isa = XCConfigurationList;
			buildConfigurations = (
				356266842B315DA800E2030A /* Debug */,
				356266852B315DA800E2030A /* Release */,
			);
			defaultConfigurationIsVisible = 0;
			defaultConfigurationName = Release;
		};
		356266862B315DA800E2030A /* Build configuration list for PBXNativeTarget "iOS SwiftUI Exercise" */ = {
			isa = XCConfigurationList;
			buildConfigurations = (
				356266872B315DA800E2030A /* Debug */,
				356266882B315DA800E2030A /* Release */,
			);
			defaultConfigurationIsVisible = 0;
			defaultConfigurationName = Release;
		};
/* End XCConfigurationList section */

/* Begin XCVersionGroup section */
		356266812B315DA800E2030A /* iOS_SwiftUI_Exercise.xcdatamodeld */ = {
			isa = XCVersionGroup;
			children = (
				356266822B315DA800E2030A /* iOS_SwiftUI_Exercise.xcdatamodel */,
			);
			currentVersion = 356266822B315DA800E2030A /* iOS_SwiftUI_Exercise.xcdatamodel */;
			path = iOS_SwiftUI_Exercise.xcdatamodeld;
			sourceTree = "<group>";
			versionGroupType = wrapper.xcdatamodel;
		};
/* End XCVersionGroup section */
	};
	rootObject = 3562666B2B315DA700E2030A /* Project object */;
}
